// !$*UTF8*$!
{
	archiveVersion = 1;
	classes = {
	};
	objectVersion = 46;
	objects = {

/* Begin PBXBuildFile section */
		DA259D3B149BA745002F6F59 /* Foundation.framework in Frameworks */ = {isa = PBXBuildFile; fileRef = DA259D3A149BA745002F6F59 /* Foundation.framework */; };
		DA259D3E149BA745002F6F59 /* main.m in Sources */ = {isa = PBXBuildFile; fileRef = DA259D3D149BA745002F6F59 /* main.m */; };
		DA259D4D149BA767002F6F59 /* FSMatrix.m in Sources */ = {isa = PBXBuildFile; fileRef = DA259D49149BA767002F6F59 /* FSMatrix.m */; };
		DA259D4E149BA767002F6F59 /* FSMutableMatrix.m in Sources */ = {isa = PBXBuildFile; fileRef = DA259D4B149BA767002F6F59 /* FSMutableMatrix.m */; };
/* End PBXBuildFile section */

/* Begin PBXCopyFilesBuildPhase section */
		DA259D34149BA745002F6F59 /* CopyFiles */ = {
			isa = PBXCopyFilesBuildPhase;
			buildActionMask = 2147483647;
			dstPath = /usr/share/man/man1/;
			dstSubfolderSpec = 0;
			files = (
			);
			runOnlyForDeploymentPostprocessing = 1;
		};
/* End PBXCopyFilesBuildPhase section */

/* Begin PBXFileReference section */
		DA259D36149BA745002F6F59 /* Matrix */ = {isa = PBXFileReference; explicitFileType = "compiled.mach-o.executable"; includeInIndex = 0; path = Matrix; sourceTree = BUILT_PRODUCTS_DIR; };
		DA259D3A149BA745002F6F59 /* Foundation.framework */ = {isa = PBXFileReference; lastKnownFileType = wrapper.framework; name = Foundation.framework; path = System/Library/Frameworks/Foundation.framework; sourceTree = SDKROOT; };
		DA259D3D149BA745002F6F59 /* main.m */ = {isa = PBXFileReference; lastKnownFileType = sourcecode.c.objc; path = main.m; sourceTree = "<group>"; };
		DA259D40149BA745002F6F59 /* Matrix-Prefix.pch */ = {isa = PBXFileReference; lastKnownFileType = sourcecode.c.h; path = "Matrix-Prefix.pch"; sourceTree = "<group>"; };
		DA259D48149BA767002F6F59 /* FSMatrix.h */ = {isa = PBXFileReference; fileEncoding = 4; lastKnownFileType = sourcecode.c.h; path = FSMatrix.h; sourceTree = "<group>"; };
		DA259D49149BA767002F6F59 /* FSMatrix.m */ = {isa = PBXFileReference; fileEncoding = 4; lastKnownFileType = sourcecode.c.objc; path = FSMatrix.m; sourceTree = "<group>"; };
		DA259D4A149BA767002F6F59 /* FSMutableMatrix.h */ = {isa = PBXFileReference; fileEncoding = 4; lastKnownFileType = sourcecode.c.h; path = FSMutableMatrix.h; sourceTree = "<group>"; };
		DA259D4B149BA767002F6F59 /* FSMutableMatrix.m */ = {isa = PBXFileReference; fileEncoding = 4; lastKnownFileType = sourcecode.c.objc; path = FSMutableMatrix.m; sourceTree = "<group>"; };
		DA259D4C149BA767002F6F59 /* __FSMatrixPrivate.h */ = {isa = PBXFileReference; fileEncoding = 4; lastKnownFileType = sourcecode.c.h; path = __FSMatrixPrivate.h; sourceTree = "<group>"; };
/* End PBXFileReference section */

/* Begin PBXFrameworksBuildPhase section */
		DA259D33149BA745002F6F59 /* Frameworks */ = {
			isa = PBXFrameworksBuildPhase;
			buildActionMask = 2147483647;
			files = (
				DA259D3B149BA745002F6F59 /* Foundation.framework in Frameworks */,
			);
			runOnlyForDeploymentPostprocessing = 0;
		};
/* End PBXFrameworksBuildPhase section */

/* Begin PBXGroup section */
		DA259D2B149BA745002F6F59 = {
			isa = PBXGroup;
			children = (
				DA259D3C149BA745002F6F59 /* Matrix */,
				DA259D39149BA745002F6F59 /* Frameworks */,
				DA259D37149BA745002F6F59 /* Products */,
			);
			sourceTree = "<group>";
		};
		DA259D37149BA745002F6F59 /* Products */ = {
			isa = PBXGroup;
			children = (
				DA259D36149BA745002F6F59 /* Matrix */,
			);
			name = Products;
			sourceTree = "<group>";
		};
		DA259D39149BA745002F6F59 /* Frameworks */ = {
			isa = PBXGroup;
			children = (
				DA259D3A149BA745002F6F59 /* Foundation.framework */,
			);
			name = Frameworks;
			sourceTree = "<group>";
		};
		DA259D3C149BA745002F6F59 /* Matrix */ = {
			isa = PBXGroup;
			children = (
				DA259D3D149BA745002F6F59 /* main.m */,
				DA259D48149BA767002F6F59 /* FSMatrix.h */,
				DA259D49149BA767002F6F59 /* FSMatrix.m */,
				DA259D4A149BA767002F6F59 /* FSMutableMatrix.h */,
				DA259D4B149BA767002F6F59 /* FSMutableMatrix.m */,
				DA259D4C149BA767002F6F59 /* __FSMatrixPrivate.h */,
				DA259D3F149BA745002F6F59 /* Supporting Files */,
			);
			path = Matrix;
			sourceTree = "<group>";
		};
		DA259D3F149BA745002F6F59 /* Supporting Files */ = {
			isa = PBXGroup;
			children = (
				DA259D40149BA745002F6F59 /* Matrix-Prefix.pch */,
			);
			name = "Supporting Files";
			sourceTree = "<group>";
		};
/* End PBXGroup section */

/* Begin PBXNativeTarget section */
		DA259D35149BA745002F6F59 /* Matrix */ = {
			isa = PBXNativeTarget;
			buildConfigurationList = DA259D45149BA745002F6F59 /* Build configuration list for PBXNativeTarget "Matrix" */;
			buildPhases = (
				DA259D32149BA745002F6F59 /* Sources */,
				DA259D33149BA745002F6F59 /* Frameworks */,
				DA259D34149BA745002F6F59 /* CopyFiles */,
			);
			buildRules = (
			);
			dependencies = (
			);
			name = Matrix;
			productName = Matrix;
			productReference = DA259D36149BA745002F6F59 /* Matrix */;
			productType = "com.apple.product-type.tool";
		};
/* End PBXNativeTarget section */

/* Begin PBXProject section */
		DA259D2D149BA745002F6F59 /* Project object */ = {
			isa = PBXProject;
			attributes = {
				LastUpgradeCheck = 0420;
				ORGANIZATIONNAME = FSDEV;
			};
			buildConfigurationList = DA259D30149BA745002F6F59 /* Build configuration list for PBXProject "Matrix" */;
			compatibilityVersion = "Xcode 3.2";
			developmentRegion = English;
			hasScannedForEncodings = 0;
			knownRegions = (
				en,
			);
			mainGroup = DA259D2B149BA745002F6F59;
			productRefGroup = DA259D37149BA745002F6F59 /* Products */;
			projectDirPath = "";
			projectRoot = "";
			targets = (
				DA259D35149BA745002F6F59 /* Matrix */,
			);
		};
/* End PBXProject section */

/* Begin PBXSourcesBuildPhase section */
		DA259D32149BA745002F6F59 /* Sources */ = {
			isa = PBXSourcesBuildPhase;
			buildActionMask = 2147483647;
			files = (
				DA259D3E149BA745002F6F59 /* main.m in Sources */,
				DA259D4D149BA767002F6F59 /* FSMatrix.m in Sources */,
				DA259D4E149BA767002F6F59 /* FSMutableMatrix.m in Sources */,
			);
			runOnlyForDeploymentPostprocessing = 0;
		};
/* End PBXSourcesBuildPhase section */

/* Begin XCBuildConfiguration section */
		DA259D43149BA745002F6F59 /* Debug */ = {
			isa = XCBuildConfiguration;
			buildSettings = {
				ALWAYS_SEARCH_USER_PATHS = NO;
				ARCHS = "$(ARCHS_STANDARD_64_BIT)";
				CLANG_ENABLE_OBJC_ARC = YES;
				COPY_PHASE_STRIP = NO;
				GCC_C_LANGUAGE_STANDARD = gnu99;
				GCC_DYNAMIC_NO_PIC = NO;
				GCC_ENABLE_OBJC_EXCEPTIONS = YES;
				GCC_OPTIMIZATION_LEVEL = 0;
				GCC_PREPROCESSOR_DEFINITIONS = (
					"DEBUG=1",
					"$(inherited)",
				);
				GCC_SYMBOLS_PRIVATE_EXTERN = NO;
				GCC_VERSION = com.apple.compilers.llvm.clang.1_0;
				GCC_WARN_64_TO_32_BIT_CONVERSION = YES;
				GCC_WARN_ABOUT_MISSING_PROTOTYPES = YES;
				GCC_WARN_ABOUT_RETURN_TYPE = YES;
				GCC_WARN_UNUSED_VARIABLE = YES;
				MACOSX_DEPLOYMENT_TARGET = 10.7;
				ONLY_ACTIVE_ARCH = YES;
				SDKROOT = macosx;
			};
			name = Debug;
		};
		DA259D44149BA745002F6F59 /* Release */ = {
			isa = XCBuildConfiguration;
			buildSettings = {
				ALWAYS_SEARCH_USER_PATHS = NO;
				ARCHS = "$(ARCHS_STANDARD_64_BIT)";
				CLANG_ENABLE_OBJC_ARC = YES;
				COPY_PHASE_STRIP = YES;
				DEBUG_INFORMATION_FORMAT = "dwarf-with-dsym";
				GCC_C_LANGUAGE_STANDARD = gnu99;
				GCC_ENABLE_OBJC_EXCEPTIONS = YES;
				GCC_VERSION = com.apple.compilers.llvm.clang.1_0;
				GCC_WARN_64_TO_32_BIT_CONVERSION = YES;
				GCC_WARN_ABOUT_MISSING_PROTOTYPES = YES;
				GCC_WARN_ABOUT_RETURN_TYPE = YES;
				GCC_WARN_UNUSED_VARIABLE = YES;
				MACOSX_DEPLOYMENT_TARGET = 10.7;
				SDKROOT = macosx;
			};
			name = Release;
		};
		DA259D46149BA745002F6F59 /* Debug */ = {
			isa = XCBuildConfiguration;
			buildSettings = {
				GCC_PRECOMPILE_PREFIX_HEADER = YES;
				GCC_PREFIX_HEADER = "Matrix/Matrix-Prefix.pch";
				PRODUCT_NAME = "$(TARGET_NAME)";
			};
			name = Debug;
		};
		DA259D47149BA745002F6F59 /* Release */ = {
			isa = XCBuildConfiguration;
			buildSettings = {
				GCC_PRECOMPILE_PREFIX_HEADER = YES;
				GCC_PREFIX_HEADER = "Matrix/Matrix-Prefix.pch";
				PRODUCT_NAME = "$(TARGET_NAME)";
			};
			name = Release;
		};
/* End XCBuildConfiguration section */

/* Begin XCConfigurationList section */
		DA259D30149BA745002F6F59 /* Build configuration list for PBXProject "Matrix" */ = {
			isa = XCConfigurationList;
			buildConfigurations = (
				DA259D43149BA745002F6F59 /* Debug */,
				DA259D44149BA745002F6F59 /* Release */,
			);
			defaultConfigurationIsVisible = 0;
			defaultConfigurationName = Release;
		};
		DA259D45149BA745002F6F59 /* Build configuration list for PBXNativeTarget "Matrix" */ = {
			isa = XCConfigurationList;
			buildConfigurations = (
				DA259D46149BA745002F6F59 /* Debug */,
				DA259D47149BA745002F6F59 /* Release */,
			);
			defaultConfigurationIsVisible = 0;
		};
/* End XCConfigurationList section */
	};
	rootObject = DA259D2D149BA745002F6F59 /* Project object */;
}
